<?xml version="1.0" encoding="utf-8"?>
<Project ToolsVersion="4.0" xmlns="http://schemas.microsoft.com/developer/msbuild/2003">
  <ItemGroup>
    <Filter Include="Header Files">
      <UniqueIdentifier>{f66c876c-f433-4d63-ae77-6fa275c0430e}</UniqueIdentifier>
    </Filter>
    <Filter Include="Shaders">
      <UniqueIdentifier>{4f47d8bf-ddb7-4f74-bd0f-0c0d17491b3d}</UniqueIdentifier>
    </Filter>
    <Filter Include="Sources Files">
      <UniqueIdentifier>{83f85a01-fe8f-4810-9819-2d6eb9cf593b}</UniqueIdentifier>
    </Filter>
  </ItemGroup>
  <ItemGroup>
    <ClCompile Include="src\CubeIntersection.cpp">
      <Filter>Sources Files</Filter>
    </ClCompile>
    <ClCompile Include="src\FBOCube.cpp">
      <Filter>Sources Files</Filter>
    </ClCompile>
    <ClCompile Include="src\FBOQuad.cpp">
      <Filter>Sources Files</Filter>
    </ClCompile>
    <ClCompile Include="src\FinalImage.cpp">
      <Filter>Sources Files</Filter>
    </ClCompile>
    <ClCompile Include="src\GLSLProgram.cpp">
      <Filter>Sources Files</Filter>
    </ClCompile>
    <ClCompile Include="src\main.cpp">
      <Filter>Sources Files</Filter>
    </ClCompile>
    <ClCompile Include="src\TextureManager.cpp">
      <Filter>Sources Files</Filter>
    </ClCompile>
    <ClCompile Include="src\TransferFunction.cpp">
      <Filter>Sources Files</Filter>
    </ClCompile>
    <ClCompile Include="src\Volume.cpp">
      <Filter>Sources Files</Filter>
    </ClCompile>
    <ClCompile Include="src\helper_math.h">
      <Filter>Sources Files</Filter>
    </ClCompile>
  </ItemGroup>
  <ItemGroup>
    <ClInclude Include="src\CubeIntersection.h">
      <Filter>Header Files</Filter>
    </ClInclude>
    <ClInclude Include="src\Definitions.h">
      <Filter>Header Files</Filter>
    </ClInclude>
    <ClInclude Include="src\FBOCube.h">
      <Filter>Header Files</Filter>
    </ClInclude>
    <ClInclude Include="src\FBOQuad.h">
      <Filter>Header Files</Filter>
    </ClInclude>
    <ClInclude Include="src\FinalImage.h">
      <Filter>Header Files</Filter>
    </ClInclude>
    <ClInclude Include="src\GLSLProgram.h">
      <Filter>Header Files</Filter>
    </ClInclude>
    <ClInclude Include="src\TextureManager.h">
      <Filter>Header Files</Filter>
    </ClInclude>
    <ClInclude Include="src\TransferFunction.h">
      <Filter>Header Files</Filter>
    </ClInclude>
    <ClInclude Include="src\Volume.h">
      <Filter>Header Files</Filter>
    </ClInclude>
    <ClInclude Include="src\kernel.cuh">
      <Filter>Header Files</Filter>
    </ClInclude>
  </ItemGroup>
  <ItemGroup>
    <CudaCompile Include="src\kernel.cu">
      <Filter>Sources Files</Filter>
    </CudaCompile>
  </ItemGroup>
  <ItemGroup>
    <None Include="shaders\hit.frag">
      <Filter>Shaders</Filter>
    </None>
    <None Include="shaders\hit.vert">
      <Filter>Shaders</Filter>
    </None>
    <None Include="shaders\textureQuad.frag">
      <Filter>Shaders</Filter>
    </None>
    <None Include="shaders\textureQuad.vert">
      <Filter>Shaders</Filter>
    </None>
    <None Include="shaders\TransferFunction.frag">
      <Filter>Shaders</Filter>
    </None>
    <None Include="shaders\TransferFunction.vert">
      <Filter>Shaders</Filter>
    </None>
  </ItemGroup>
</Project>